
Microsoft Visual Studio Solution File, Format Version 12.00
# Visual Studio 15
VisualStudioVersion = 15.0.27130.2027
MinimumVisualStudioVersion = 10.0.40219.1
Project("{FAE04EC0-301F-11D3-BF4B-00C04F79EFBC}") = "GPSAppClient.Android", "GPSAppClient\GPSAppClient.Android\GPSAppClient.Android.csproj", "{D5C07514-66A7-47FA-9AD7-A58C71E824E8}"
EndProject
Project("{FAE04EC0-301F-11D3-BF4B-00C04F79EFBC}") = "GPSAppClient.iOS", "GPSAppClient\GPSAppClient.iOS\GPSAppClient.iOS.csproj", "{AE021D2A-464F-4FDE-A57A-75C7369EA46F}"
EndProject
Project("{FAE04EC0-301F-11D3-BF4B-00C04F79EFBC}") = "GPSAppClient.UWP", "GPSAppClient\GPSAppClient.UWP\GPSAppClient.UWP.csproj", "{E288A3E5-1CF3-4CE5-966E-AB5355F96B87}"
EndProject
Project("{D954291E-2A0B-460D-934E-DC6B0785DB48}") = "GPSAppClient", "GPSAppClient\GPSAppClient\GPSAppClient.shproj", "{69DD2734-8661-442B-BF4B-76A5525D1CC4}"
EndProject
Global
	GlobalSection(SharedMSBuildProjectFiles) = preSolution
		GPSAppClient\GPSAppClient\GPSAppClient.projitems*{69dd2734-8661-442b-bf4b-76a5525d1cc4}*SharedItemsImports = 13
		GPSAppClient\GPSAppClient\GPSAppClient.projitems*{ae021d2a-464f-4fde-a57a-75c7369ea46f}*SharedItemsImports = 4
		GPSAppClient\GPSAppClient\GPSAppClient.projitems*{d5c07514-66a7-47fa-9ad7-a58c71e824e8}*SharedItemsImports = 4
		GPSAppClient\GPSAppClient\GPSAppClient.projitems*{e288a3e5-1cf3-4ce5-966e-ab5355f96b87}*SharedItemsImports = 4
	EndGlobalSection
	GlobalSection(SolutionConfigurationPlatforms) = preSolution
		Ad-Hoc|Any CPU = Ad-Hoc|Any CPU
		Ad-Hoc|ARM = Ad-Hoc|ARM
		Ad-Hoc|iPhone = Ad-Hoc|iPhone
		Ad-Hoc|iPhoneSimulator = Ad-Hoc|iPhoneSimulator
		Ad-Hoc|x64 = Ad-Hoc|x64
		Ad-Hoc|x86 = Ad-Hoc|x86
		AppStore|Any CPU = AppStore|Any CPU
		AppStore|ARM = AppStore|ARM
		AppStore|iPhone = AppStore|iPhone
		AppStore|iPhoneSimulator = AppStore|iPhoneSimulator
		AppStore|x64 = AppStore|x64
		AppStore|x86 = AppStore|x86
		Debug|Any CPU = Debug|Any CPU
		Debug|ARM = Debug|ARM
		Debug|iPhone = Debug|iPhone
		Debug|iPhoneSimulator = Debug|iPhoneSimulator
		Debug|x64 = Debug|x64
		Debug|x86 = Debug|x86
		Release|Any CPU = Release|Any CPU
		Release|ARM = Release|ARM
		Release|iPhone = Release|iPhone
		Release|iPhoneSimulator = Release|iPhoneSimulator
		Release|x64 = Release|x64
		Release|x86 = Release|x86
	EndGlobalSection
	GlobalSection(ProjectConfigurationPlatforms) = postSolution
		{D5C07514-66A7-47FA-9AD7-A58C71E824E8}.Ad-Hoc|Any CPU.ActiveCfg = Release|Any CPU
		{D5C07514-66A7-47FA-9AD7-A58C71E824E8}.Ad-Hoc|Any CPU.Build.0 = Release|Any CPU
		{D5C07514-66A7-47FA-9AD7-A58C71E824E8}.Ad-Hoc|Any CPU.Deploy.0 = Release|Any CPU
		{D5C07514-66A7-47FA-9AD7-A58C71E824E8}.Ad-Hoc|ARM.ActiveCfg = Release|Any CPU
		{D5C07514-66A7-47FA-9AD7-A58C71E824E8}.Ad-Hoc|ARM.Build.0 = Release|Any CPU
		{D5C07514-66A7-47FA-9AD7-A58C71E824E8}.Ad-Hoc|ARM.Deploy.0 = Release|Any CPU
		{D5C07514-66A7-47FA-9AD7-A58C71E824E8}.Ad-Hoc|iPhone.ActiveCfg = Release|Any CPU
		{D5C07514-66A7-47FA-9AD7-A58C71E824E8}.Ad-Hoc|iPhone.Build.0 = Release|Any CPU
		{D5C07514-66A7-47FA-9AD7-A58C71E824E8}.Ad-Hoc|iPhone.Deploy.0 = Release|Any CPU
		{D5C07514-66A7-47FA-9AD7-A58C71E824E8}.Ad-Hoc|iPhoneSimulator.ActiveCfg = Release|Any CPU
		{D5C07514-66A7-47FA-9AD7-A58C71E824E8}.Ad-Hoc|iPhoneSimulator.Build.0 = Release|Any CPU
		{D5C07514-66A7-47FA-9AD7-A58C71E824E8}.Ad-Hoc|iPhoneSimulator.Deploy.0 = Release|Any CPU
		{D5C07514-66A7-47FA-9AD7-A58C71E824E8}.Ad-Hoc|x64.ActiveCfg = Release|Any CPU
		{D5C07514-66A7-47FA-9AD7-A58C71E824E8}.Ad-Hoc|x64.Build.0 = Release|Any CPU
		{D5C07514-66A7-47FA-9AD7-A58C71E824E8}.Ad-Hoc|x64.Deploy.0 = Release|Any CPU
		{D5C07514-66A7-47FA-9AD7-A58C71E824E8}.Ad-Hoc|x86.ActiveCfg = Release|Any CPU
		{D5C07514-66A7-47FA-9AD7-A58C71E824E8}.Ad-Hoc|x86.Build.0 = Release|Any CPU
		{D5C07514-66A7-47FA-9AD7-A58C71E824E8}.Ad-Hoc|x86.Deploy.0 = Release|Any CPU
		{D5C07514-66A7-47FA-9AD7-A58C71E824E8}.AppStore|Any CPU.ActiveCfg = Release|Any CPU
		{D5C07514-66A7-47FA-9AD7-A58C71E824E8}.AppStore|Any CPU.Build.0 = Release|Any CPU
		{D5C07514-66A7-47FA-9AD7-A58C71E824E8}.AppStore|Any CPU.Deploy.0 = Release|Any CPU
		{D5C07514-66A7-47FA-9AD7-A58C71E824E8}.AppStore|ARM.ActiveCfg = Release|Any CPU
		{D5C07514-66A7-47FA-9AD7-A58C71E824E8}.AppStore|ARM.Build.0 = Release|Any CPU
		{D5C07514-66A7-47FA-9AD7-A58C71E824E8}.AppStore|ARM.Deploy.0 = Release|Any CPU
		{D5C07514-66A7-47FA-9AD7-A58C71E824E8}.AppStore|iPhone.ActiveCfg = Release|Any CPU
		{D5C07514-66A7-47FA-9AD7-A58C71E824E8}.AppStore|iPhone.Build.0 = Release|Any CPU
		{D5C07514-66A7-47FA-9AD7-A58C71E824E8}.AppStore|iPhone.Deploy.0 = Release|Any CPU
		{D5C07514-66A7-47FA-9AD7-A58C71E824E8}.AppStore|iPhoneSimulator.ActiveCfg = Release|Any CPU
		{D5C07514-66A7-47FA-9AD7-A58C71E824E8}.AppStore|iPhoneSimulator.Build.0 = Release|Any CPU
		{D5C07514-66A7-47FA-9AD7-A58C71E824E8}.AppStore|iPhoneSimulator.Deploy.0 = Release|Any CPU
		{D5C07514-66A7-47FA-9AD7-A58C71E824E8}.AppStore|x64.ActiveCfg = Release|Any CPU
		{D5C07514-66A7-47FA-9AD7-A58C71E824E8}.AppStore|x64.Build.0 = Release|Any CPU
		{D5C07514-66A7-47FA-9AD7-A58C71E824E8}.AppStore|x64.Deploy.0 = Release|Any CPU
		{D5C07514-66A7-47FA-9AD7-A58C71E824E8}.AppStore|x86.ActiveCfg = Release|Any CPU
		{D5C07514-66A7-47FA-9AD7-A58C71E824E8}.AppStore|x86.Build.0 = Release|Any CPU
		{D5C07514-66A7-47FA-9AD7-A58C71E824E8}.AppStore|x86.Deploy.0 = Release|Any CPU
		{D5C07514-66A7-47FA-9AD7-A58C71E824E8}.Debug|Any CPU.ActiveCfg = Debug|Any CPU
		{D5C07514-66A7-47FA-9AD7-A58C71E824E8}.Debug|Any CPU.Build.0 = Debug|Any CPU
		{D5C07514-66A7-47FA-9AD7-A58C71E824E8}.Debug|Any CPU.Deploy.0 = Debug|Any CPU
		{D5C07514-66A7-47FA-9AD7-A58C71E824E8}.Debug|ARM.ActiveCfg = Debug|Any CPU
		{D5C07514-66A7-47FA-9AD7-A58C71E824E8}.Debug|ARM.Build.0 = Debug|Any CPU
		{D5C07514-66A7-47FA-9AD7-A58C71E824E8}.Debug|ARM.Deploy.0 = Debug|Any CPU
		{D5C07514-66A7-47FA-9AD7-A58C71E824E8}.Debug|iPhone.ActiveCfg = Debug|Any CPU
		{D5C07514-66A7-47FA-9AD7-A58C71E824E8}.Debug|iPhone.Build.0 = Debug|Any CPU
		{D5C07514-66A7-47FA-9AD7-A58C71E824E8}.Debug|iPhone.Deploy.0 = Debug|Any CPU
		{D5C07514-66A7-47FA-9AD7-A58C71E824E8}.Debug|iPhoneSimulator.ActiveCfg = Debug|Any CPU
		{D5C07514-66A7-47FA-9AD7-A58C71E824E8}.Debug|iPhoneSimulator.Build.0 = Debug|Any CPU
		{D5C07514-66A7-47FA-9AD7-A58C71E824E8}.Debug|iPhoneSimulator.Deploy.0 = Debug|Any CPU
		{D5C07514-66A7-47FA-9AD7-A58C71E824E8}.Debug|x64.ActiveCfg = Debug|Any CPU
		{D5C07514-66A7-47FA-9AD7-A58C71E824E8}.Debug|x64.Build.0 = Debug|Any CPU
		{D5C07514-66A7-47FA-9AD7-A58C71E824E8}.Debug|x64.Deploy.0 = Debug|Any CPU
		{D5C07514-66A7-47FA-9AD7-A58C71E824E8}.Debug|x86.ActiveCfg = Debug|Any CPU
		{D5C07514-66A7-47FA-9AD7-A58C71E824E8}.Debug|x86.Build.0 = Debug|Any CPU
		{D5C07514-66A7-47FA-9AD7-A58C71E824E8}.Debug|x86.Deploy.0 = Debug|Any CPU
		{D5C07514-66A7-47FA-9AD7-A58C71E824E8}.Release|Any CPU.ActiveCfg = Release|Any CPU
		{D5C07514-66A7-47FA-9AD7-A58C71E824E8}.Release|Any CPU.Build.0 = Release|Any CPU
		{D5C07514-66A7-47FA-9AD7-A58C71E824E8}.Release|Any CPU.Deploy.0 = Release|Any CPU
		{D5C07514-66A7-47FA-9AD7-A58C71E824E8}.Release|ARM.ActiveCfg = Release|Any CPU
		{D5C07514-66A7-47FA-9AD7-A58C71E824E8}.Release|ARM.Build.0 = Release|Any CPU
		{D5C07514-66A7-47FA-9AD7-A58C71E824E8}.Release|ARM.Deploy.0 = Release|Any CPU
		{D5C07514-66A7-47FA-9AD7-A58C71E824E8}.Release|iPhone.ActiveCfg = Release|Any CPU
		{D5C07514-66A7-47FA-9AD7-A58C71E824E8}.Release|iPhone.Build.0 = Release|Any CPU
		{D5C07514-66A7-47FA-9AD7-A58C71E824E8}.Release|iPhone.Deploy.0 = Release|Any CPU
		{D5C07514-66A7-47FA-9AD7-A58C71E824E8}.Release|iPhoneSimulator.ActiveCfg = Release|Any CPU
		{D5C07514-66A7-47FA-9AD7-A58C71E824E8}.Release|iPhoneSimulator.Build.0 = Release|Any CPU
		{D5C07514-66A7-47FA-9AD7-A58C71E824E8}.Release|iPhoneSimulator.Deploy.0 = Release|Any CPU
		{D5C07514-66A7-47FA-9AD7-A58C71E824E8}.Release|x64.ActiveCfg = Release|Any CPU
		{D5C07514-66A7-47FA-9AD7-A58C71E824E8}.Release|x64.Build.0 = Release|Any CPU
		{D5C07514-66A7-47FA-9AD7-A58C71E824E8}.Release|x64.Deploy.0 = Release|Any CPU
		{D5C07514-66A7-47FA-9AD7-A58C71E824E8}.Release|x86.ActiveCfg = Release|Any CPU
		{D5C07514-66A7-47FA-9AD7-A58C71E824E8}.Release|x86.Build.0 = Release|Any CPU
		{D5C07514-66A7-47FA-9AD7-A58C71E824E8}.Release|x86.Deploy.0 = Release|Any CPU
		{AE021D2A-464F-4FDE-A57A-75C7369EA46F}.Ad-Hoc|Any CPU.ActiveCfg = Ad-Hoc|iPhone
		{AE021D2A-464F-4FDE-A57A-75C7369EA46F}.Ad-Hoc|ARM.ActiveCfg = Ad-Hoc|iPhone
		{AE021D2A-464F-4FDE-A57A-75C7369EA46F}.Ad-Hoc|iPhone.ActiveCfg = Ad-Hoc|iPhone
		{AE021D2A-464F-4FDE-A57A-75C7369EA46F}.Ad-Hoc|iPhone.Build.0 = Ad-Hoc|iPhone
		{AE021D2A-464F-4FDE-A57A-75C7369EA46F}.Ad-Hoc|iPhoneSimulator.ActiveCfg = Ad-Hoc|iPhoneSimulator
		{AE021D2A-464F-4FDE-A57A-75C7369EA46F}.Ad-Hoc|iPhoneSimulator.Build.0 = Ad-Hoc|iPhoneSimulator
		{AE021D2A-464F-4FDE-A57A-75C7369EA46F}.Ad-Hoc|x64.ActiveCfg = Ad-Hoc|iPhone
		{AE021D2A-464F-4FDE-A57A-75C7369EA46F}.Ad-Hoc|x86.ActiveCfg = Ad-Hoc|iPhone
		{AE021D2A-464F-4FDE-A57A-75C7369EA46F}.AppStore|Any CPU.ActiveCfg = AppStore|iPhone
		{AE021D2A-464F-4FDE-A57A-75C7369EA46F}.AppStore|ARM.ActiveCfg = AppStore|iPhone
		{AE021D2A-464F-4FDE-A57A-75C7369EA46F}.AppStore|iPhone.ActiveCfg = AppStore|iPhone
		{AE021D2A-464F-4FDE-A57A-75C7369EA46F}.AppStore|iPhone.Build.0 = AppStore|iPhone
		{AE021D2A-464F-4FDE-A57A-75C7369EA46F}.AppStore|iPhoneSimulator.ActiveCfg = AppStore|iPhoneSimulator
		{AE021D2A-464F-4FDE-A57A-75C7369EA46F}.AppStore|iPhoneSimulator.Build.0 = AppStore|iPhoneSimulator
		{AE021D2A-464F-4FDE-A57A-75C7369EA46F}.AppStore|x64.ActiveCfg = AppStore|iPhone
		{AE021D2A-464F-4FDE-A57A-75C7369EA46F}.AppStore|x86.ActiveCfg = AppStore|iPhone
		{AE021D2A-464F-4FDE-A57A-75C7369EA46F}.Debug|Any CPU.ActiveCfg = Debug|iPhone
		{AE021D2A-464F-4FDE-A57A-75C7369EA46F}.Debug|ARM.ActiveCfg = Debug|iPhone
		{AE021D2A-464F-4FDE-A57A-75C7369EA46F}.Debug|iPhone.ActiveCfg = Debug|iPhone
		{AE021D2A-464F-4FDE-A57A-75C7369EA46F}.Debug|iPhone.Build.0 = Debug|iPhone
		{AE021D2A-464F-4FDE-A57A-75C7369EA46F}.Debug|iPhoneSimulator.ActiveCfg = Debug|iPhoneSimulator
		{AE021D2A-464F-4FDE-A57A-75C7369EA46F}.Debug|iPhoneSimulator.Build.0 = Debug|iPhoneSimulator
		{AE021D2A-464F-4FDE-A57A-75C7369EA46F}.Debug|x64.ActiveCfg = Debug|iPhone
		{AE021D2A-464F-4FDE-A57A-75C7369EA46F}.Debug|x86.ActiveCfg = Debug|iPhone
		{AE021D2A-464F-4FDE-A57A-75C7369EA46F}.Release|Any CPU.ActiveCfg = Release|iPhone
		{AE021D2A-464F-4FDE-A57A-75C7369EA46F}.Release|ARM.ActiveCfg = Release|iPhone
		{AE021D2A-464F-4FDE-A57A-75C7369EA46F}.Release|iPhone.ActiveCfg = Release|iPhone
		{AE021D2A-464F-4FDE-A57A-75C7369EA46F}.Release|iPhone.Build.0 = Release|iPhone
		{AE021D2A-464F-4FDE-A57A-75C7369EA46F}.Release|iPhoneSimulator.ActiveCfg = Release|iPhoneSimulator
		{AE021D2A-464F-4FDE-A57A-75C7369EA46F}.Release|iPhoneSimulator.Build.0 = Release|iPhoneSimulator
		{AE021D2A-464F-4FDE-A57A-75C7369EA46F}.Release|x64.ActiveCfg = Release|iPhone
		{AE021D2A-464F-4FDE-A57A-75C7369EA46F}.Release|x86.ActiveCfg = Release|iPhone
		{E288A3E5-1CF3-4CE5-966E-AB5355F96B87}.Ad-Hoc|Any CPU.ActiveCfg = Release|x86
		{E288A3E5-1CF3-4CE5-966E-AB5355F96B87}.Ad-Hoc|Any CPU.Build.0 = Release|x86
		{E288A3E5-1CF3-4CE5-966E-AB5355F96B87}.Ad-Hoc|Any CPU.Deploy.0 = Release|x86
		{E288A3E5-1CF3-4CE5-966E-AB5355F96B87}.Ad-Hoc|ARM.ActiveCfg = Release|ARM
		{E288A3E5-1CF3-4CE5-966E-AB5355F96B87}.Ad-Hoc|ARM.Build.0 = Release|ARM
		{E288A3E5-1CF3-4CE5-966E-AB5355F96B87}.Ad-Hoc|ARM.Deploy.0 = Release|ARM
		{E288A3E5-1CF3-4CE5-966E-AB5355F96B87}.Ad-Hoc|iPhone.ActiveCfg = Release|x86
		{E288A3E5-1CF3-4CE5-966E-AB5355F96B87}.Ad-Hoc|iPhone.Build.0 = Release|x86
		{E288A3E5-1CF3-4CE5-966E-AB5355F96B87}.Ad-Hoc|iPhone.Deploy.0 = Release|x86
		{E288A3E5-1CF3-4CE5-966E-AB5355F96B87}.Ad-Hoc|iPhoneSimulator.ActiveCfg = Release|x86
		{E288A3E5-1CF3-4CE5-966E-AB5355F96B87}.Ad-Hoc|iPhoneSimulator.Build.0 = Release|x86
		{E288A3E5-1CF3-4CE5-966E-AB5355F96B87}.Ad-Hoc|iPhoneSimulator.Deploy.0 = Release|x86
		{E288A3E5-1CF3-4CE5-966E-AB5355F96B87}.Ad-Hoc|x64.ActiveCfg = Release|x64
		{E288A3E5-1CF3-4CE5-966E-AB5355F96B87}.Ad-Hoc|x64.Build.0 = Release|x64
		{E288A3E5-1CF3-4CE5-966E-AB5355F96B87}.Ad-Hoc|x64.Deploy.0 = Release|x64
		{E288A3E5-1CF3-4CE5-966E-AB5355F96B87}.Ad-Hoc|x86.ActiveCfg = Release|x86
		{E288A3E5-1CF3-4CE5-966E-AB5355F96B87}.Ad-Hoc|x86.Build.0 = Release|x86
		{E288A3E5-1CF3-4CE5-966E-AB5355F96B87}.Ad-Hoc|x86.Deploy.0 = Release|x86
		{E288A3E5-1CF3-4CE5-966E-AB5355F96B87}.AppStore|Any CPU.ActiveCfg = Release|x86
		{E288A3E5-1CF3-4CE5-966E-AB5355F96B87}.AppStore|Any CPU.Build.0 = Release|x86
		{E288A3E5-1CF3-4CE5-966E-AB5355F96B87}.AppStore|Any CPU.Deploy.0 = Release|x86
		{E288A3E5-1CF3-4CE5-966E-AB5355F96B87}.AppStore|ARM.ActiveCfg = Release|ARM
		{E288A3E5-1CF3-4CE5-966E-AB5355F96B87}.AppStore|ARM.Build.0 = Release|ARM
		{E288A3E5-1CF3-4CE5-966E-AB5355F96B87}.AppStore|ARM.Deploy.0 = Release|ARM
		{E288A3E5-1CF3-4CE5-966E-AB5355F96B87}.AppStore|iPhone.ActiveCfg = Release|x86
		{E288A3E5-1CF3-4CE5-966E-AB5355F96B87}.AppStore|iPhone.Build.0 = Release|x86
		{E288A3E5-1CF3-4CE5-966E-AB5355F96B87}.AppStore|iPhone.Deploy.0 = Release|x86
		{E288A3E5-1CF3-4CE5-966E-AB5355F96B87}.AppStore|iPhoneSimulator.ActiveCfg = Release|x86
		{E288A3E5-1CF3-4CE5-966E-AB5355F96B87}.AppStore|iPhoneSimulator.Build.0 = Release|x86
		{E288A3E5-1CF3-4CE5-966E-AB5355F96B87}.AppStore|iPhoneSimulator.Deploy.0 = Release|x86
		{E288A3E5-1CF3-4CE5-966E-AB5355F96B87}.AppStore|x64.ActiveCfg = Release|x64
		{E288A3E5-1CF3-4CE5-966E-AB5355F96B87}.AppStore|x64.Build.0 = Release|x64
		{E288A3E5-1CF3-4CE5-966E-AB5355F96B87}.AppStore|x64.Deploy.0 = Release|x64
		{E288A3E5-1CF3-4CE5-966E-AB5355F96B87}.AppStore|x86.ActiveCfg = Release|x86
		{E288A3E5-1CF3-4CE5-966E-AB5355F96B87}.AppStore|x86.Build.0 = Release|x86
		{E288A3E5-1CF3-4CE5-966E-AB5355F96B87}.AppStore|x86.Deploy.0 = Release|x86
		{E288A3E5-1CF3-4CE5-966E-AB5355F96B87}.Debug|Any CPU.ActiveCfg = Debug|x86
		{E288A3E5-1CF3-4CE5-966E-AB5355F96B87}.Debug|ARM.ActiveCfg = Debug|ARM
		{E288A3E5-1CF3-4CE5-966E-AB5355F96B87}.Debug|ARM.Build.0 = Debug|ARM
		{E288A3E5-1CF3-4CE5-966E-AB5355F96B87}.Debug|ARM.Deploy.0 = Debug|ARM
		{E288A3E5-1CF3-4CE5-966E-AB5355F96B87}.Debug|iPhone.ActiveCfg = Debug|x86
		{E288A3E5-1CF3-4CE5-966E-AB5355F96B87}.Debug|iPhoneSimulator.ActiveCfg = Debug|x86
		{E288A3E5-1CF3-4CE5-966E-AB5355F96B87}.Debug|x64.ActiveCfg = Debug|x64
		{E288A3E5-1CF3-4CE5-966E-AB5355F96B87}.Debug|x64.Build.0 = Debug|x64
		{E288A3E5-1CF3-4CE5-966E-AB5355F96B87}.Debug|x64.Deploy.0 = Debug|x64
		{E288A3E5-1CF3-4CE5-966E-AB5355F96B87}.Debug|x86.ActiveCfg = Debug|x86
		{E288A3E5-1CF3-4CE5-966E-AB5355F96B87}.Debug|x86.Build.0 = Debug|x86
		{E288A3E5-1CF3-4CE5-966E-AB5355F96B87}.Debug|x86.Deploy.0 = Debug|x86
		{E288A3E5-1CF3-4CE5-966E-AB5355F96B87}.Release|Any CPU.ActiveCfg = Release|x86
		{E288A3E5-1CF3-4CE5-966E-AB5355F96B87}.Release|ARM.ActiveCfg = Release|ARM
		{E288A3E5-1CF3-4CE5-966E-AB5355F96B87}.Release|ARM.Build.0 = Release|ARM
		{E288A3E5-1CF3-4CE5-966E-AB5355F96B87}.Release|ARM.Deploy.0 = Release|ARM
		{E288A3E5-1CF3-4CE5-966E-AB5355F96B87}.Release|iPhone.ActiveCfg = Release|x86
		{E288A3E5-1CF3-4CE5-966E-AB5355F96B87}.Release|iPhoneSimulator.ActiveCfg = Release|x86
		{E288A3E5-1CF3-4CE5-966E-AB5355F96B87}.Release|x64.ActiveCfg = Release|x64
		{E288A3E5-1CF3-4CE5-966E-AB5355F96B87}.Release|x64.Build.0 = Release|x64
		{E288A3E5-1CF3-4CE5-966E-AB5355F96B87}.Release|x64.Deploy.0 = Release|x64
		{E288A3E5-1CF3-4CE5-966E-AB5355F96B87}.Release|x86.ActiveCfg = Release|x86
		{E288A3E5-1CF3-4CE5-966E-AB5355F96B87}.Release|x86.Build.0 = Release|x86
		{E288A3E5-1CF3-4CE5-966E-AB5355F96B87}.Release|x86.Deploy.0 = Release|x86
	EndGlobalSection
	GlobalSection(SolutionProperties) = preSolution
		HideSolutionNode = FALSE
	EndGlobalSection
	GlobalSection(ExtensibilityGlobals) = postSolution
		SolutionGuid = {AEBA483C-5A12-42EF-BF48-3940B6A3D7A0}
	EndGlobalSection
EndGlobal
